{
  "version": "2",
  "remote": {
    "https://deno.land/std@0.154.0/_util/assert.ts": "e94f2eb37cebd7f199952e242c77654e43333c1ac4c5c700e929ea3aa5489f74",
    "https://deno.land/std@0.154.0/_wasm_crypto/lib/deno_std_wasm_crypto.generated.mjs": "dfcd6777d05345362c70f9f2c49abba3ed3f925fccfcf725abe2d16d51819433",
    "https://deno.land/std@0.154.0/_wasm_crypto/mod.ts": "6c60d332716147ded0eece0861780678d51b560f533b27db2e15c64a4ef83665",
    "https://deno.land/std@0.154.0/async/deferred.ts": "c01de44b9192359cebd3fe93273fcebf9e95110bf3360023917da9a2d1489fae",
    "https://deno.land/std@0.154.0/bytes/bytes_list.ts": "aba5e2369e77d426b10af1de0dcc4531acecec27f9b9056f4f7bfbf8ac147ab4",
    "https://deno.land/std@0.154.0/bytes/equals.ts": "3c3558c3ae85526f84510aa2b48ab2ad7bdd899e2e0f5b7a8ffc85acb3a6043a",
    "https://deno.land/std@0.154.0/bytes/mod.ts": "763f97d33051cc3f28af1a688dfe2830841192a9fea0cbaa55f927b49d49d0bf",
    "https://deno.land/std@0.154.0/crypto/_fnv/fnv32.ts": "aa9bddead8c6345087d3abd4ef35fb9655622afc333fc41fff382b36e64280b5",
    "https://deno.land/std@0.154.0/crypto/_fnv/fnv64.ts": "625d7e7505b6cb2e9801b5fd6ed0a89256bac12b2bbb3e4664b85a88b0ec5bef",
    "https://deno.land/std@0.154.0/crypto/_fnv/index.ts": "a8f6a361b4c6d54e5e89c16098f99b6962a1dd6ad1307dbc97fa1ecac5d7060a",
    "https://deno.land/std@0.154.0/crypto/_fnv/util.ts": "4848313bed7f00f55be3cb080aa0583fc007812ba965b03e4009665bde614ce3",
    "https://deno.land/std@0.154.0/crypto/keystack.ts": "e481eed28007395e554a435e880fee83a5c73b9259ed8a135a75e4b1e4f381f7",
    "https://deno.land/std@0.154.0/crypto/mod.ts": "0ef11f063cd0f9759485a3c9051e15125e1bde3b47c23b47e79b6e13cfcf9481",
    "https://deno.land/std@0.154.0/crypto/timing_safe_equal.ts": "82a29b737bc8932d75d7a20c404136089d5d23629e94ba14efa98a8cc066c73e",
    "https://deno.land/std@0.154.0/encoding/base64.ts": "c57868ca7fa2fbe919f57f88a623ad34e3d970d675bdc1ff3a9d02bba7409db2",
    "https://deno.land/std@0.154.0/encoding/base64url.ts": "a5f82a9fa703bd85a5eb8e7c1296bc6529e601ebd9642cc2b5eaa6b38fa9e05a",
    "https://deno.land/std@0.154.0/encoding/hex.ts": "4cc5324417cbb4ac9b828453d35aed45b9cc29506fad658f1f138d981ae33795",
    "https://deno.land/std@0.154.0/fmt/colors.ts": "ff7dc9c9f33a72bd48bc24b21bbc1b4545d8494a431f17894dbc5fe92a938fc4",
    "https://deno.land/std@0.154.0/io/buffer.ts": "fae02290f52301c4e0188670e730cd902f9307fb732d79c4aa14ebdc82497289",
    "https://deno.land/std@0.154.0/io/files.ts": "d199ef64e918a256320ba8d8d44ae91de87c9077df8f8d6cca013f1b9fbbe285",
    "https://deno.land/std@0.154.0/io/mod.ts": "33507cf2460ab67d0d90fb5749fa6fecb33897642b49d54a6bb1ac81e4768f69",
    "https://deno.land/std@0.154.0/io/readers.ts": "45847ad404afd2f605eae1cff193f223462bc55eeb9ae313c2f3db28aada0fd6",
    "https://deno.land/std@0.154.0/io/streams.ts": "988a19155b52161f0035ce539e2f1d12edbc4c389fa7633da832a64e6edbe1a0",
    "https://deno.land/std@0.154.0/io/types.d.ts": "0cae3a62da7a37043661746c65c021058bae020b54e50c0e774916e5d4baee43",
    "https://deno.land/std@0.154.0/io/util.ts": "078da53bba767bec0d45f7da44411f6dbf269e51ef7fcfea5e3714e04681c674",
    "https://deno.land/std@0.154.0/io/writers.ts": "2e1c63ffd0cfba411b1fd8374609abff9ea86187c9d4d885d42e6fc20325ef0e",
    "https://deno.land/std@0.154.0/streams/conversion.ts": "fc4eb76a14148c43f0b85e903a5a1526391aa40ed9434dc21e34f88304eb823e",
    "https://deno.land/std@0.154.0/testing/_diff.ts": "141f978a283defc367eeee3ff7b58aa8763cf7c8e0c585132eae614468e9d7b8",
    "https://deno.land/std@0.154.0/testing/_format.ts": "cd11136e1797791045e639e9f0f4640d5b4166148796cad37e6ef75f7d7f3832",
    "https://deno.land/std@0.154.0/testing/asserts.ts": "ac295f7fd22a7af107580e2475402a8c386cb1bf18bf837ae266ac0665786026",
    "https://deno.land/std@0.190.0/_util/asserts.ts": "178dfc49a464aee693a7e285567b3d0b555dc805ff490505a8aae34f9cfb1462",
    "https://deno.land/std@0.190.0/async/abortable.ts": "fd682fa46f3b7b16b4606a5ab52a7ce309434b76f820d3221bdfb862719a15d7",
    "https://deno.land/std@0.190.0/async/deadline.ts": "58f72a3cc0fcb731b2cc055ba046f4b5be3349ff6bf98f2e793c3b969354aab2",
    "https://deno.land/std@0.190.0/async/debounce.ts": "adab11d04ca38d699444ac8a9d9856b4155e8dda2afd07ce78276c01ea5a4332",
    "https://deno.land/std@0.190.0/async/deferred.ts": "42790112f36a75a57db4a96d33974a936deb7b04d25c6084a9fa8a49f135def8",
    "https://deno.land/std@0.190.0/async/delay.ts": "73aa04cec034c84fc748c7be49bb15cac3dd43a57174bfdb7a4aec22c248f0dd",
    "https://deno.land/std@0.190.0/async/mod.ts": "f04344fa21738e5ad6bea37a6bfffd57c617c2d372bb9f9dcfd118a1b622e576",
    "https://deno.land/std@0.190.0/async/mux_async_iterator.ts": "70c7f2ee4e9466161350473ad61cac0b9f115cff4c552eaa7ef9d50c4cbb4cc9",
    "https://deno.land/std@0.190.0/async/pool.ts": "f1b8d3df4d7fd3c73f8cbc91cc2e8b8e950910f1eab94230b443944d7584c657",
    "https://deno.land/std@0.190.0/async/retry.ts": "c9248325ec08cc2cceb7618472e77589a51a25cee460e07b6096be34966c2ead",
    "https://deno.land/std@0.190.0/async/tee.ts": "47e42d35f622650b02234d43803d0383a89eb4387e1b83b5a40106d18ae36757",
    "https://deno.land/std@0.190.0/http/server.ts": "1b23463b5b36e4eebc495417f6af47a6f7d52e3294827a1226d2a1aab23d9d20",
    "https://deno.land/x/gql@1.2.3/common.ts": "f3c917a79b03525a4eeec6b1f852800aa081e44c8f1d6c97a3eddfe0edb32e27",
    "https://deno.land/x/gql@1.2.3/deps.ts": "745b86b9e4fdecfc3003fdc73a1a546eb1a5db4cea3eb82d13214f6a7c67b43e",
    "https://deno.land/x/gql@1.2.3/graphiql/markup.ts": "825b76ac088b3813c85da2061e4b4e59ae5f57e38761f66e8c941bbd65999afa",
    "https://deno.land/x/gql@1.2.3/graphiql/render.ts": "24019e2738cb0545609bfcad204aedf3b848cc78ee23b7616bf4d802ea9c0f25",
    "https://deno.land/x/gql@1.2.3/http.ts": "2420a89d7571cdcbfa7c6b2aa5f8fa46d726cddaaaa24e4250f526860b66aa7b",
    "https://deno.land/x/gql@1.2.3/mod.ts": "87d0cf3562bd142c52ff402f4db9c1b0672a54c4bf7f90e57f0bdc8114b6c684",
    "https://deno.land/x/gql@1.2.3/types.ts": "6a64bdefc640bbf1379fe07af7d45e8e3f33ca309ad1b3a051932f5d88052070",
    "https://deno.land/x/graphql_tag@0.1.2/deps.ts": "5696461c8bb42db7c83486db452e125f7cfdc62a2c628bb470a4447d934b90b3",
    "https://deno.land/x/graphql_tag@0.1.2/mod.ts": "57fd56de5f7cbc66e23ce896cc8e99521d286e89969d83e09d960642b0a9d652",
    "https://deno.land/x/mongo@v0.31.2/deps.ts": "1b53a32fbc115195d74ab78e7d21026ea4b6590e5b558b388017cc1a9b8181e6",
    "https://deno.land/x/mongo@v0.31.2/mod.ts": "0989f34d08c40440b8786140abdaf863e964e23df5d1a80e661d3d4170d9d21e",
    "https://deno.land/x/mongo@v0.31.2/src/auth/base.ts": "7fe14cf0a63d6bbc4ba69a000a04b3b184d26842504d94652a6af2d0c9494944",
    "https://deno.land/x/mongo@v0.31.2/src/auth/mod.ts": "b161611bd5be9e9d1b4497227c8ea93ad4daadcd98038c9e5a707bc5da7a25ca",
    "https://deno.land/x/mongo@v0.31.2/src/auth/pbkdf2.ts": "1f1db192fd37869d118ab34780b64567ebcf0ad83a03ef28b3d740cae9adb47a",
    "https://deno.land/x/mongo@v0.31.2/src/auth/scram.ts": "187db02e94e7e5423ec902e87d6839028770dca57830dca7f154dcd22a959c0f",
    "https://deno.land/x/mongo@v0.31.2/src/auth/x509.ts": "a75b27c549707dd441434ae400a3e6a24da7fe7d4e0e80c9bb79dfc6426b651e",
    "https://deno.land/x/mongo@v0.31.2/src/client.ts": "368cac10b3df3bfbc2dfba468d1bbd1332c359a643e0bb81a13d7220a58b43ff",
    "https://deno.land/x/mongo@v0.31.2/src/cluster.ts": "cff69bf284a5c7fcaff231494f1ab56ca652e725e58622723e402fbb61448d0e",
    "https://deno.land/x/mongo@v0.31.2/src/collection/collection.ts": "840add0cd28f38e8036b8d56fab134f9cc5201be05579d431a90f5c2e5b7c24e",
    "https://deno.land/x/mongo@v0.31.2/src/collection/commands/aggregate.ts": "440906a670adb46edb36fd95573ffa83f192775108b621520be992165910e895",
    "https://deno.land/x/mongo@v0.31.2/src/collection/commands/find.ts": "5c3b750d8c82ce08d865a381bc71f600406cbc4912c4aa689238755579fb71f8",
    "https://deno.land/x/mongo@v0.31.2/src/collection/commands/list_indexes.ts": "d32a5120305d0547497026b4f5ab2ecc2f40ff7f44c405b99c2a0287765333f5",
    "https://deno.land/x/mongo@v0.31.2/src/collection/commands/update.ts": "cf352108a5dd34f0928c2196a432383d366b8ed292676c71358b9ecf1289418d",
    "https://deno.land/x/mongo@v0.31.2/src/collection/mod.ts": "bd791a0b9b46be4365f88c54893584eadec2f8cd799db9eb05e0b5b4c8d72b8e",
    "https://deno.land/x/mongo@v0.31.2/src/database.ts": "f8dfd72f824759b1970232f4f21b8d1c3a0ca0ca6495c1dba32061c50c07ffba",
    "https://deno.land/x/mongo@v0.31.2/src/error.ts": "8180a822b0831a94a6a28815865b5b40e3996220684bea60fcb81b272ddd06eb",
    "https://deno.land/x/mongo@v0.31.2/src/gridfs/bucket.ts": "a4452d63f6928f57486a214a499b54b80b98cc0d13e3d85a6841b34d5ff12a61",
    "https://deno.land/x/mongo@v0.31.2/src/gridfs/indexes.ts": "7d302114fb4d81c4a873614a51d11ddb8b471f967179dddb8269c39b3cadf4e3",
    "https://deno.land/x/mongo@v0.31.2/src/gridfs/upload.ts": "6a54a21b00c6f22ad0da6ceef7a2932dc600560f594c2551abd8e4a64976abae",
    "https://deno.land/x/mongo@v0.31.2/src/protocol/cursor.ts": "c370a28856fa236129cc2d7abf7ebc4ac6cdd60acb93e0e7371433f7332394cb",
    "https://deno.land/x/mongo@v0.31.2/src/protocol/handshake.ts": "3c3ba547d5322751b9756ce9a4750f3cf18febee0a64edca5b007634bd80e0fe",
    "https://deno.land/x/mongo@v0.31.2/src/protocol/header.ts": "0f28db842f886e57b7013606c1391affab2e2960a1a4568d2502e7b788117716",
    "https://deno.land/x/mongo@v0.31.2/src/protocol/message.ts": "b1121b98420c9a44783619c7a0b2f7bb2cb305dfc64adc3e6a9b7781f4d35a3a",
    "https://deno.land/x/mongo@v0.31.2/src/protocol/mod.ts": "4e24d563049c0a236234598ca786ca13778dc17fdb80ac543ac6c75d0c5094d7",
    "https://deno.land/x/mongo@v0.31.2/src/protocol/protocol.ts": "92568dd86e6ef3f54054113d9f5620f158fc1dfee2a7c9d13623975835d5996a",
    "https://deno.land/x/mongo@v0.31.2/src/types.ts": "c6b36e1751323b9eacee86372ba31715fe8e372d48b73a7c1ef69431c7a35b97",
    "https://deno.land/x/mongo@v0.31.2/src/types/geojson.ts": "14690e2fa1591939253ddc9de181b0664051e9462db131b72be5fb9d064dff44",
    "https://deno.land/x/mongo@v0.31.2/src/types/geospatial.ts": "c73ee13536365fa5d868b65ab47b3488a5f223a67e1e059761886f750db70ef9",
    "https://deno.land/x/mongo@v0.31.2/src/types/gridfs.ts": "e1fd12c3ca58d437267e7a8557d745d23b9d8916d1da34c1847e5e373728dfa0",
    "https://deno.land/x/mongo@v0.31.2/src/types/read_write_concern.ts": "d00f35eb85520e776741888685d08d479766a19e9a0a970b53f4594c9db00496",
    "https://deno.land/x/mongo@v0.31.2/src/utils/ns.ts": "fb0c57b8dc4d31f8993112d267dec3c163d3e8862198d1cd03b2b51bcc3caad9",
    "https://deno.land/x/mongo@v0.31.2/src/utils/saslprep/deps.ts": "95ceb81b353110526dacf2a98854bc79d6e17d7f173af8806e91c05555d7b8c7",
    "https://deno.land/x/mongo@v0.31.2/src/utils/saslprep/load_code_points.ts": "f6a4ef2eb2345eac40ffbf1a30661cca803f399865f2a0fadafb71f57d4c97bf",
    "https://deno.land/x/mongo@v0.31.2/src/utils/saslprep/memory_pager.ts": "f55a79a13ec569c21630c3915a9af0c6fc0aa2b899121fa2a85a813c6dd4afba",
    "https://deno.land/x/mongo@v0.31.2/src/utils/saslprep/mod.ts": "0a8a39a0784d065a79c54ce63d7d7b103d0b94addc5b7bcf985517ba2442c8a1",
    "https://deno.land/x/mongo@v0.31.2/src/utils/saslprep/sparse_bitfield.ts": "07d6fe2ecd4ba5f711c44c1ae409bb9c1fe3a3cfc09e27434d231d4aae46dd2d",
    "https://deno.land/x/mongo@v0.31.2/src/utils/srv.ts": "ed5f78ffe6480faac68291a87e51e3674eff5f28aec937ee97248e99e1317b16",
    "https://deno.land/x/mongo@v0.31.2/src/utils/uri.ts": "dcfab8e1dcfcc875c75ada1d9f366664480c03b65594990d6342ed88925452e5",
    "https://deno.land/x/web_bson@v0.3.0/mod.d.ts": "2e52e7b61cc0225d21c82c2ac74126c3f9af3c8002a54e094ea17b3cc7e599bc",
    "https://deno.land/x/web_bson@v0.3.0/mod.js": "8e14aecd31ee63abd30e2dbaa284b4b67abb7ba51fcef5b96af74727cb7c7940",
    "https://esm.sh/@graphql-tools/schema@10.0.0": "fc317c648c54ba457ec1d666536d41a11fa944d688c6b4d9e794e863a91ff50b",
    "https://esm.sh/graphql@16.6.0/execution/execute?#=": "cc52834be4090e2a21c927413246c6bafb61d192a244e9e63d69c11b147bcf09",
    "https://esm.sh/graphql@16.6.0/graphql?#=": "f3deb9319bd72c20a0561f34f807a380746c12c536ab7bea1da5c005ddf16cfe",
    "https://esm.sh/graphql@16.6.0/language/ast#=": "34580fc85da59fabcc4221b23bc480402c22253953e973f97f61dd9e5c312e36",
    "https://esm.sh/graphql@16.6.0/language/parser#=": "d76f459527ec1bf2a4bacbc64291a8212c7544a0fb6984147baa7ed473b5833e",
    "https://esm.sh/graphql@16.6.0/type/schema?#=": "81e7a2077625f9f1c62fb90a98afba8f9002b815565a31d04eeb7cc40ca15ba7",
    "https://esm.sh/v124/@graphql-tools/merge@9.0.0/deno/merge.mjs": "46a094a1d1144d04c188a8bf8a71cc52980f7daeae7bd8d9b26180bdb65ff611",
    "https://esm.sh/v124/@graphql-tools/schema@10.0.0/deno/schema.mjs": "314e67bbfefce295b562dfc7ee0cbc4b771272602a10361677ba1bfc36596e88",
    "https://esm.sh/v124/@graphql-tools/schema@10.0.0/typings/addResolversToSchema.d.ts": "de56d383814193f7122966d4b8886ad6261c14cb8e1bdec61fe290fb3a557551",
    "https://esm.sh/v124/@graphql-tools/schema@10.0.0/typings/assertResolversPresent.d.ts": "c790eb89fc634d51588be9844621d3be896f001605d642354e9d90c5943a04d7",
    "https://esm.sh/v124/@graphql-tools/schema@10.0.0/typings/chainResolvers.d.ts": "77e890a68da3f17f44418be39ed9f9d4cde2f57d2ba5ff89771abcf25f0bbea8",
    "https://esm.sh/v124/@graphql-tools/schema@10.0.0/typings/checkForResolveTypeResolver.d.ts": "807c77f3821973b979255cdf811711ec0c2e0d952eb734500d4c8e9dab2b7365",
    "https://esm.sh/v124/@graphql-tools/schema@10.0.0/typings/extendResolversFromInterfaces.d.ts": "f74f506111f35dcf9ba1f601f17b2530da4dab65f6e030f755dee279b0613532",
    "https://esm.sh/v124/@graphql-tools/schema@10.0.0/typings/index.d.ts": "a5a4b6fdc4a884ceaaa32c276dcb1bcb6dbcf4d8ef6d6afce7ed9b516762fbe4",
    "https://esm.sh/v124/@graphql-tools/schema@10.0.0/typings/makeExecutableSchema.d.ts": "9e2c04750982af02e718c8ddfe1e0f6db285c9a0994d55751fdda12289f4f987",
    "https://esm.sh/v124/@graphql-tools/schema@10.0.0/typings/merge-schemas.d.ts": "54e97b537868b39cb784e1f7e68103ab676fc741107ed769b416249b0cb60000",
    "https://esm.sh/v124/@graphql-tools/schema@10.0.0/typings/types.d.ts": "878f8ddbdbbd0c8c5b95fcd9ae2d1872aeaeb91f0521a34ac71ba2b8a2b3e56d",
    "https://esm.sh/v124/@graphql-tools/utils@10.0.0/deno/utils.mjs": "4fe72f893fdd39a48b1bd605ca725bbcfc69b8813a63f9f88eb198196a6610aa",
    "https://esm.sh/v124/@graphql-tools/utils@10.0.0/typings/Interfaces.d.ts": "cbdf8f3d1aec9a149953a498345b6a16eae7b5e4b70f5f212d47958a44708bba",
    "https://esm.sh/v124/@graphql-tools/utils@10.0.0/typings/Path.d.ts": "16f8a87c9f17bd2c8c910ac3c33131f4b7dead8a9090738bb1b1186f016e53c3",
    "https://esm.sh/v124/@graphql-tools/utils@10.0.0/typings/addTypes.d.ts": "1fee2c3a2a182e751355d1af69d8c992c292777ffe29d68737d7f311f4abe770",
    "https://esm.sh/v124/@graphql-tools/utils@10.0.0/typings/astFromValueUntyped.d.ts": "403808697c6fa331da31761e408db7faf6af30b2257590beb7019802d4b33ea0",
    "https://esm.sh/v124/@graphql-tools/utils@10.0.0/typings/build-operation-for-field.d.ts": "0d15c12626744cc7df1adf6fdec24812c80aaaf1d35dc218527a6e7e602c3091",
    "https://esm.sh/v124/@graphql-tools/utils@10.0.0/typings/collectFields.d.ts": "3fabe981c68a4da70c70ae8f4bd36dc99e3afc6a131e1e9efe1aef932b1c0bc4",
    "https://esm.sh/v124/@graphql-tools/utils@10.0.0/typings/comments.d.ts": "93995a7c6f0312f9e6a9f38ea6daa8bb43b9caa05f8819280856a665fc38e74d",
    "https://esm.sh/v124/@graphql-tools/utils@10.0.0/typings/directives.d.ts": "71bc8fc32467fa9593d3a83629c7e8e7c27c1a8a96e02d470dbde9183e8958f5",
    "https://esm.sh/v124/@graphql-tools/utils@10.0.0/typings/errors.d.ts": "92c2d04ec1fdb948fb4727e8877216dd2bddd19dd962f0569d31a66f09a1769e",
    "https://esm.sh/v124/@graphql-tools/utils@10.0.0/typings/executor.d.ts": "6682d334047ef804868a8e59db51a3a148035591cb2374878650fddeb264093d",
    "https://esm.sh/v124/@graphql-tools/utils@10.0.0/typings/extractExtensionsFromSchema.d.ts": "baa86814ce467a0ad41d171611ca2f1a7c61413b77e632aa064dd4627899c9b9",
    "https://esm.sh/v124/@graphql-tools/utils@10.0.0/typings/fields.d.ts": "2ffdad841e28c85597b6e39550aa49e5b1c2417b664e27505cdde47cbcd9f013",
    "https://esm.sh/v124/@graphql-tools/utils@10.0.0/typings/filterSchema.d.ts": "4287f7279a9fc0195b6210562c796295d4ae9a8d2b1f0cfff686f887f023521c",
    "https://esm.sh/v124/@graphql-tools/utils@10.0.0/typings/fixSchemaAst.d.ts": "a40359cfd8dae6a33659d9eb628bd0b34b6bb45ade01b8da5393155e1f923762",
    "https://esm.sh/v124/@graphql-tools/utils@10.0.0/typings/forEachDefaultValue.d.ts": "3feac803804788c9abed6f2ee3ee98f697865d8ac9ae3bc9e23e4e8f33d695bd",
    "https://esm.sh/v124/@graphql-tools/utils@10.0.0/typings/forEachField.d.ts": "ecce56e82af6d96fcfd84298e9df3791724522f88db0372b60d873b817f2795c",
    "https://esm.sh/v124/@graphql-tools/utils@10.0.0/typings/get-arguments-with-directives.d.ts": "138020fed77c8cb538b5f96c78a5fe1daf095f682bd2d597c423e323e1e7fea2",
    "https://esm.sh/v124/@graphql-tools/utils@10.0.0/typings/get-directives.d.ts": "1951557e32898d0323a1239285e49894255765cd37ff0c490b670932e9e7796d",
    "https://esm.sh/v124/@graphql-tools/utils@10.0.0/typings/get-fields-with-directives.d.ts": "fee9fb2aa3dff885fd54e62fbb3fba8069c44c13b6b2eb0ac266f3d3b6c5d452",
    "https://esm.sh/v124/@graphql-tools/utils@10.0.0/typings/get-implementing-types.d.ts": "e928ef3179c53c6b87770ddde6e84dcf573b69e81189022a79743332a3285e2a",
    "https://esm.sh/v124/@graphql-tools/utils@10.0.0/typings/getArgumentValues.d.ts": "fa8e2e13d18ca450bbbd2a67289815dba77508ac6aedaafc9ff4a55cfd37a2e8",
    "https://esm.sh/v124/@graphql-tools/utils@10.0.0/typings/getOperationASTFromRequest.d.ts": "a517a396f45eb157a326ee113b3799c693b94c2d94d4649b489e606fddc43d39",
    "https://esm.sh/v124/@graphql-tools/utils@10.0.0/typings/getResolversFromSchema.d.ts": "77729a8fdf86a441d1a3c991150925c11ef834d7c17bad41612edaed7d3e64c9",
    "https://esm.sh/v124/@graphql-tools/utils@10.0.0/typings/getResponseKeyFromInfo.d.ts": "625420fae89c2eb89122eddabdbf362d548a9db768fd0b8bc04a33bc5df9e713",
    "https://esm.sh/v124/@graphql-tools/utils@10.0.0/typings/heal.d.ts": "b2bd1a7aad7e19fd9c7d49db8ff463e6a17e6611b2524795e8c3e2b2586a1a93",
    "https://esm.sh/v124/@graphql-tools/utils@10.0.0/typings/helpers.d.ts": "9c0529666ce7dfa04ec31a2912b18580bb6f6c20a36543e81a99b2754d1d162d",
    "https://esm.sh/v124/@graphql-tools/utils@10.0.0/typings/implementsAbstractType.d.ts": "2fd8543aee7d83b1a9ec4839ebd7a9662cf36200eba210600f1bddf75a4213f1",
    "https://esm.sh/v124/@graphql-tools/utils@10.0.0/typings/index.d.ts": "d1b485a9146e0d4d6ed404b2f5f4cdec0b583103da4ea239d88436d97a852cac",
    "https://esm.sh/v124/@graphql-tools/utils@10.0.0/typings/inspect.d.ts": "30f861484a42eaa6830f91343556e401e0c9399b851f3a017cef5ffa233e8b98",
    "https://esm.sh/v124/@graphql-tools/utils@10.0.0/typings/isAsyncIterable.d.ts": "321c7e382d36a823c6bf9ecb6cc8a4e5bf60265b4b37c86fdfcc85973ede2c1d",
    "https://esm.sh/v124/@graphql-tools/utils@10.0.0/typings/isDocumentNode.d.ts": "34f03e726b45bf017f0337e46a6b91818c12de6c7501c34dd6368b4428459d1d",
    "https://esm.sh/v124/@graphql-tools/utils@10.0.0/typings/jsutils.d.ts": "6b03646cf08ff3e6145e92627af7b0a4e157192ca46373d87ef77685ab6e365d",
    "https://esm.sh/v124/@graphql-tools/utils@10.0.0/typings/loaders.d.ts": "f6cd600cfc478c65f92204f11594b7003d6594bed593462e1975ca77c7771a4f",
    "https://esm.sh/v124/@graphql-tools/utils@10.0.0/typings/mapAsyncIterator.d.ts": "22f897e17f18b702f8aa1c6e6412fcd33d180f8ef61297fec6c395a2b18d9908",
    "https://esm.sh/v124/@graphql-tools/utils@10.0.0/typings/mapSchema.d.ts": "8eae81b666017b199094fb7d4a1ed022a716a843fabba381b80d1733c053e355",
    "https://esm.sh/v124/@graphql-tools/utils@10.0.0/typings/memoize.d.ts": "af6cb3ec64660a2456997a8c5069e6e344aedd526418d727266807663f21df9f",
    "https://esm.sh/v124/@graphql-tools/utils@10.0.0/typings/mergeDeep.d.ts": "f6694bea88421c6d7342b5381b1a49fc823ae746680ca9ee16d518c9c16118e8",
    "https://esm.sh/v124/@graphql-tools/utils@10.0.0/typings/observableToAsyncIterable.d.ts": "2f5ff35a589b58b99c7d787c696155959a4057dd3c29db745ab2c0f88cc2e03a",
    "https://esm.sh/v124/@graphql-tools/utils@10.0.0/typings/parse-graphql-json.d.ts": "66858a8877ca228b181866163924cd85a1a3ba834549de7b0cdfdc025b244b66",
    "https://esm.sh/v124/@graphql-tools/utils@10.0.0/typings/parse-graphql-sdl.d.ts": "6ec76c228edfcad9ce90621301976eb5301ec38641106a9bb1b0f6e0920e220d",
    "https://esm.sh/v124/@graphql-tools/utils@10.0.0/typings/print-schema-with-directives.d.ts": "03928ba66feb8c5ad5e703e46b6e90c2fc86c81191f639bb90712069d6537677",
    "https://esm.sh/v124/@graphql-tools/utils@10.0.0/typings/prune.d.ts": "5760748751893f6d2e92f2e3b14ef7d1226276ed50f5b5e08cb14afb2ffb7cf3",
    "https://esm.sh/v124/@graphql-tools/utils@10.0.0/typings/renameType.d.ts": "a9af9d97f423d97081444aede3488110efc6347e58f0678dacc0f3b6eafa2935",
    "https://esm.sh/v124/@graphql-tools/utils@10.0.0/typings/rewire.d.ts": "fd4f29a425a1fdf0fbf31fe0c6fb64b9c362ffb5837b440198cc22bbc0935a83",
    "https://esm.sh/v124/@graphql-tools/utils@10.0.0/typings/rootTypes.d.ts": "0a01f8717af4dfe9ed4515e8451616f5a881ad1978246ad47c4ef421d4cef0a3",
    "https://esm.sh/v124/@graphql-tools/utils@10.0.0/typings/selectionSets.d.ts": "8f451e7aedc21a71b10447f8c6d92fcaa990f769e24a71f56573dfb6ed39a05e",
    "https://esm.sh/v124/@graphql-tools/utils@10.0.0/typings/stub.d.ts": "82ea3a43123aa997f9bf9547b0ea82acd541e8c14f41326f9a57dabd329659a3",
    "https://esm.sh/v124/@graphql-tools/utils@10.0.0/typings/transformInputValue.d.ts": "a78da896f40bba59671e510552f162470fc5cfaf6e2116f5a87f0e56668a629c",
    "https://esm.sh/v124/@graphql-tools/utils@10.0.0/typings/types.d.ts": "4b775c0f207d52f92339eff3c502490f116ad3d565bd2b2eed0542a1c2df1f89",
    "https://esm.sh/v124/@graphql-tools/utils@10.0.0/typings/updateArgument.d.ts": "e5700efe201b4ac93c50fc6714b0eadda28181da9d55ca1b987ba4117f81d664",
    "https://esm.sh/v124/@graphql-tools/utils@10.0.0/typings/validate-documents.d.ts": "1ddbaf621e87d9d3340668b613299af18784ba76e1fbc124775ca73c5ca9f57b",
    "https://esm.sh/v124/@graphql-tools/utils@10.0.0/typings/valueMatchesCriteria.d.ts": "5fc9e50135f4163989ce74b83b68a5ee44d151f04ec44078adbe913c8dad694e",
    "https://esm.sh/v124/@graphql-tools/utils@10.0.0/typings/visitResult.d.ts": "ec1d673db1b6afd13ae1796bf6aa3eab77e48f089c9c861513971d0e5c2edf48",
    "https://esm.sh/v124/@graphql-tools/utils@10.0.0/typings/withCancel.d.ts": "2fc5b4b281cccfd2ed90d0384b2fc521dff07929703adc5d373c7ecfbe1d85e6",
    "https://esm.sh/v124/@graphql-typed-document-node/core@3.2.0/typings/index.d.ts": "b07a067464e3da7c5d9d063a39c6eae706eef5b6c4dc5c3c7758407538b0dcbc",
    "https://esm.sh/v124/cssfilter@0.0.10/deno/cssfilter.mjs": "4161ede96887ef1d144e74eb356bd6bd15cc829eca870fe403654c9cc17d3634",
    "https://esm.sh/v124/graphql@16.6.0/deno/error/GraphQLError.js": "b364b249f4b97ffc495b56009efd3034976b48e13a963d0e3640432e674f34e8",
    "https://esm.sh/v124/graphql@16.6.0/deno/error/locatedError.js": "b7e93633ce77689143637a454a60270f1447f0e188566b50aee1a7cc5c1dc32c",
    "https://esm.sh/v124/graphql@16.6.0/deno/error/syntaxError.js": "0292997b86f494ce0ffe1e1234eb8bfd92b412488ece6bd942c4fd5d3ee1bf60",
    "https://esm.sh/v124/graphql@16.6.0/deno/execution/collectFields.js": "d135db9e8eca6b06efff85b543b01ade86ffe795652ddbf80e845ba3c615a75b",
    "https://esm.sh/v124/graphql@16.6.0/deno/execution/execute.js": "900131efce010d9b1d163d3b0323fa85672b483ec7f3ad885dd9f8bbb91e43da",
    "https://esm.sh/v124/graphql@16.6.0/deno/execution/values.js": "9f560dd17a62fb9e10bcaed746ef2fcd120fb6b6eba8827cb834e610f890b5ff",
    "https://esm.sh/v124/graphql@16.6.0/deno/graphql.js": "f7dd86e9671c2f2fa66ad1ebf2ba9988d87f6fd106cc3bb0e8367b31c44caa7c",
    "https://esm.sh/v124/graphql@16.6.0/deno/graphql.mjs": "5e54f46af6c52828f03aa13f12c0647d1848cd1a98de636e3c31b6b24f21a768",
    "https://esm.sh/v124/graphql@16.6.0/deno/jsutils/Path.js": "29a8b2056a3d702c2e0479927640cfc5475ef4917381186f516b3dc6fdeb45f8",
    "https://esm.sh/v124/graphql@16.6.0/deno/jsutils/devAssert.js": "1b8ba85fec1de431e7e522c2fb878609471333a49b04e333ec12612f23bcebc3",
    "https://esm.sh/v124/graphql@16.6.0/deno/jsutils/didYouMean.js": "fcbc7e1dc8d8fe0db71987cb3ae1e5af642601b945750940c4c104cf4c6e0c1f",
    "https://esm.sh/v124/graphql@16.6.0/deno/jsutils/groupBy.js": "b7fc5b952770f6a6348cfd87fc13c1214c67dbd489d3b8b82cb451201b0953ab",
    "https://esm.sh/v124/graphql@16.6.0/deno/jsutils/identityFunc.js": "526ce3c8f50511537d0d39b06bba250fa299dd3afb7aa187511adf0b534bebe0",
    "https://esm.sh/v124/graphql@16.6.0/deno/jsutils/inspect.js": "78ecb23551c9c9050b60083220747f2fea175e114c243e80003941cf79d551bf",
    "https://esm.sh/v124/graphql@16.6.0/deno/jsutils/instanceOf.js": "9576d3b1b3e245e5e5f1fb98150b57e1de7fff6249cac1cbc0c4e5aa45b24813",
    "https://esm.sh/v124/graphql@16.6.0/deno/jsutils/invariant.js": "499e6b45c129a7287c22ecc05f2e5f301d61c5b313395ea329e33b2f8d49c7b8",
    "https://esm.sh/v124/graphql@16.6.0/deno/jsutils/isIterableObject.js": "17ea107dae7c82ffcb5c672a242f0f0a634bd146733536e316864c286af8a1f1",
    "https://esm.sh/v124/graphql@16.6.0/deno/jsutils/isObjectLike.js": "7ca1e5f366d8945bbff247933d19fd588fb13122ff67b3ae05c9abb69f45de64",
    "https://esm.sh/v124/graphql@16.6.0/deno/jsutils/isPromise.js": "a44107f93e9e797d72deb71af56de184fd099738429d94d55479e031ec916545",
    "https://esm.sh/v124/graphql@16.6.0/deno/jsutils/keyMap.js": "fb408bf3226cde12026a0df7b3af9a625066488aaa9d94bceedf8debb734c983",
    "https://esm.sh/v124/graphql@16.6.0/deno/jsutils/keyValMap.js": "c831922d6e18bd904c0553178f93c766e43e592491c8eab415883b0b2da0df93",
    "https://esm.sh/v124/graphql@16.6.0/deno/jsutils/mapValue.js": "e4e9515355d1a967b6fb15d44033931c9ea11645c11b2852c17524957392cd6a",
    "https://esm.sh/v124/graphql@16.6.0/deno/jsutils/memoize3.js": "fc5378113497e18b2fd77fcdfb5554e7bd51dcd3ed89c21471a16c1ee482504c",
    "https://esm.sh/v124/graphql@16.6.0/deno/jsutils/naturalCompare.js": "25f3dc9763b110b7d6024ace17f5540c2fdb7645240ed9ad13f32d73a14e7b16",
    "https://esm.sh/v124/graphql@16.6.0/deno/jsutils/printPathArray.js": "ab658319b601aba24dceba147098e2ce2607d6023f5be682af8c4f48669e13dd",
    "https://esm.sh/v124/graphql@16.6.0/deno/jsutils/promiseForObject.js": "f4a83219660fc44af46578664916d9aef61b0c078ad28227b01e3a1693b6b76f",
    "https://esm.sh/v124/graphql@16.6.0/deno/jsutils/promiseReduce.js": "ee7535b2055d05305ea5f1e0fb193add410d7021935a93b268356a86dfe59b26",
    "https://esm.sh/v124/graphql@16.6.0/deno/jsutils/suggestionList.js": "3dab335e9975d03bbc1aae354800bb63d9644f1b98c07e3a3f8e400be33440c3",
    "https://esm.sh/v124/graphql@16.6.0/deno/jsutils/toError.js": "5b13831575cea9c1f6d7b1bf44f95d4fb645c811a2af0f36ce09934401f8d816",
    "https://esm.sh/v124/graphql@16.6.0/deno/jsutils/toObjMap.js": "68270e44ec04b9511ea0bc62be39eceaae12db921e025d0b9522bc0e058ab06b",
    "https://esm.sh/v124/graphql@16.6.0/deno/language/ast.js": "057ff1c95f0757cece8dc202910604ef9cff50001195b5a24ec11154d483c9a4",
    "https://esm.sh/v124/graphql@16.6.0/deno/language/blockString.js": "81cf6cea8cb7d8939813894c1b295f2606575acad80034c601ecccaa31247488",
    "https://esm.sh/v124/graphql@16.6.0/deno/language/characterClasses.js": "eca40aec3d9ca09f376137af5c5770e8abb1cc6d8384a5e0e16b100a9ea598d7",
    "https://esm.sh/v124/graphql@16.6.0/deno/language/directiveLocation.js": "cb7ca2157ea241e49644d7c4bed99c49470832d581f7d45c929097a4dbc358d2",
    "https://esm.sh/v124/graphql@16.6.0/deno/language/kinds.js": "0c163d3215a3cd0585092573c59bcd8e4f2feadc17f28c6282916134d570a1ee",
    "https://esm.sh/v124/graphql@16.6.0/deno/language/lexer.js": "b973be53ae9f2b86b887139cdf06d0abfac843aa479ce33287eae3ac9286d972",
    "https://esm.sh/v124/graphql@16.6.0/deno/language/location.js": "c2c44fa86ff1e60bf801591ee34c21e55947c3822b6a48a9e1e0de3a5fee028f",
    "https://esm.sh/v124/graphql@16.6.0/deno/language/parser.js": "5768aecabefd154ea0c987ca3ef7c1da2720be8117ec8f5b9962046bcfac9db3",
    "https://esm.sh/v124/graphql@16.6.0/deno/language/predicates.js": "5f9b53b8fd062430a09bc1a98bf4a9e7d8d91dff8da6a8ab7c49e9adf397da4a",
    "https://esm.sh/v124/graphql@16.6.0/deno/language/printLocation.js": "acd6c8f905287aed3e1c51f643d27ae03ff5e2b04542d74667c8227885b6bca9",
    "https://esm.sh/v124/graphql@16.6.0/deno/language/printString.js": "d8d546e871584ed2d99a79de7c074586c84c943c78a26622472539cd70ffb2c9",
    "https://esm.sh/v124/graphql@16.6.0/deno/language/printer.js": "ae7006f6fe6c307012633a422cad77afe11a390f5965520b404b7eadc2209a86",
    "https://esm.sh/v124/graphql@16.6.0/deno/language/source.js": "44b92c206883fba6726cf18280fe9c2ec40c5b1493fe3c1f42da7cef420df1a5",
    "https://esm.sh/v124/graphql@16.6.0/deno/language/tokenKind.js": "c3f7445fb56de8c4cf0b220103b8085f8b5d24c689705885d39f5943663a7fbc",
    "https://esm.sh/v124/graphql@16.6.0/deno/language/visitor.js": "e8cf95be550f5343ebc839ee3d17bbf7d76bb86ded1d31e054bc18e48fd730a6",
    "https://esm.sh/v124/graphql@16.6.0/deno/type/assertName.js": "8a308ed739c120ed5ff10a58209cb4630971710d3c5dc5c5b8a95d2ea1365a1f",
    "https://esm.sh/v124/graphql@16.6.0/deno/type/definition.js": "006d0c6e8d7d6bf41e8dba2ef8dafa4f73ada3dce5429a0b248b7c41369295c5",
    "https://esm.sh/v124/graphql@16.6.0/deno/type/directives.js": "49e6aa3f1c4c773340742f96930fcd701b5994001761069569e80c8fbcc0758b",
    "https://esm.sh/v124/graphql@16.6.0/deno/type/introspection.js": "5297f27796214f8846a5e21c151596de82b0284ca4db9e8c46eae79d8e9ec4ab",
    "https://esm.sh/v124/graphql@16.6.0/deno/type/scalars.js": "8b5ffc68553e9d5106f8a13d829ab3c2141c388895c317121c4a4bd1d5815989",
    "https://esm.sh/v124/graphql@16.6.0/deno/type/schema.js": "4c11b49c3cfb44ae136726a1a68ebaeb5619e5b38b4369db54149074484eb88e",
    "https://esm.sh/v124/graphql@16.6.0/deno/type/validate.js": "a9179d7cfb38835efd80ac86a26be63e0f0cd5b44a329927486564da86151206",
    "https://esm.sh/v124/graphql@16.6.0/deno/utilities/TypeInfo.js": "408e30a392fe96199840927f91bd06994cd7946e4ca164148cea586b14a12cd7",
    "https://esm.sh/v124/graphql@16.6.0/deno/utilities/astFromValue.js": "aeb98d5fa4bb0c849b5ee1856e4c57f626f32e9a7c3e7e22a31479804e8f1885",
    "https://esm.sh/v124/graphql@16.6.0/deno/utilities/coerceInputValue.js": "e4a6a108ee72a9b8c815a721bbb39a6273714a218d1d2728db308b1ae7928bda",
    "https://esm.sh/v124/graphql@16.6.0/deno/utilities/sortValueNode.js": "d72637fc5268fa82a03e5b8e10d0fb105ae2f970e68328e54c93283430fe3460",
    "https://esm.sh/v124/graphql@16.6.0/deno/utilities/typeComparators.js": "38a7726c0c378daf92486f57723f86c4f55e997e53162b1e277e17e9de2aeb04",
    "https://esm.sh/v124/graphql@16.6.0/deno/utilities/typeFromAST.js": "aaa125281d5b4745614eaa85b521f6023d19f2181a783ca1e518f88ee8608d2a",
    "https://esm.sh/v124/graphql@16.6.0/deno/utilities/valueFromAST.js": "532a26435c9f24bdf12edfca1cbb1ca790a953213791cbb085ee8a8b4cc0dd5e",
    "https://esm.sh/v124/graphql@16.6.0/deno/utilities/valueFromASTUntyped.js": "9b756c665501d43311beb0d9bf772dc2e299171db39439be43b9e488586e65bd",
    "https://esm.sh/v124/graphql@16.6.0/deno/validation/ValidationContext.js": "d0ef8a21ab03cadcf31ff8d2397eadaff888880da7777b0249bdf82c4d62c771",
    "https://esm.sh/v124/graphql@16.6.0/deno/validation/rules/ExecutableDefinitionsRule.js": "9d08695d00c4eab0dac5ba5398c3506c78dbc93e8f7528ee9b6ac0b579b92404",
    "https://esm.sh/v124/graphql@16.6.0/deno/validation/rules/FieldsOnCorrectTypeRule.js": "d9c30be5b8bb50ee3d3f1f8e4c078d1986c3df23c8d35d0044eda0a670c2b1af",
    "https://esm.sh/v124/graphql@16.6.0/deno/validation/rules/FragmentsOnCompositeTypesRule.js": "b99bc9444967a66ec89259c6d642ff07176b17659e78f8c9460aa8482fce5703",
    "https://esm.sh/v124/graphql@16.6.0/deno/validation/rules/KnownArgumentNamesRule.js": "f21ae256c62207a06e892cc3d297e778ba0af222df447004aee0ca5f09f1fbb6",
    "https://esm.sh/v124/graphql@16.6.0/deno/validation/rules/KnownDirectivesRule.js": "8a62bb845c335d413a50e11107dc711d973a74fa9d16a0cb1e1bd31478b08b4f",
    "https://esm.sh/v124/graphql@16.6.0/deno/validation/rules/KnownFragmentNamesRule.js": "aa53e83e9d65797f5844d4e149f483f4c4fdbd16baa2c9db1daa25b16365227b",
    "https://esm.sh/v124/graphql@16.6.0/deno/validation/rules/KnownTypeNamesRule.js": "8ff66fb541faa962fe49b6c639ad1cb579af772a3d584c21ea0e665174148dee",
    "https://esm.sh/v124/graphql@16.6.0/deno/validation/rules/LoneAnonymousOperationRule.js": "c8ab9fdb8a687b3e647835c698154aea818d494c66c85c0f5a6980f70086b223",
    "https://esm.sh/v124/graphql@16.6.0/deno/validation/rules/LoneSchemaDefinitionRule.js": "27e019733c90ae57922fa8ec66452aa8d0f5ccb419ea92e0868353320a051c9e",
    "https://esm.sh/v124/graphql@16.6.0/deno/validation/rules/NoFragmentCyclesRule.js": "f6dbb4497d5eaf6e1efbf1f28265b584fe97672ea75ed5915fd63b112c028e33",
    "https://esm.sh/v124/graphql@16.6.0/deno/validation/rules/NoUndefinedVariablesRule.js": "e38b16437bf326913961c997686138207775cb441799b24c7b68799def33222f",
    "https://esm.sh/v124/graphql@16.6.0/deno/validation/rules/NoUnusedFragmentsRule.js": "7a9c3df4d83659142c08240ffa99c6c153f65c6289d53ac64ac698cd352bdff7",
    "https://esm.sh/v124/graphql@16.6.0/deno/validation/rules/NoUnusedVariablesRule.js": "41373726d53920f71cb298615aebc31596ad143379357072615263660f4bf266",
    "https://esm.sh/v124/graphql@16.6.0/deno/validation/rules/OverlappingFieldsCanBeMergedRule.js": "bf9a44027912a30c727381e722c2121b39b2c1047be6585d076f8f1feee8dff0",
    "https://esm.sh/v124/graphql@16.6.0/deno/validation/rules/PossibleFragmentSpreadsRule.js": "3957bb016d4e309bdd763c7080110d6475c87a94a17b2656aa7ebbc77f257a26",
    "https://esm.sh/v124/graphql@16.6.0/deno/validation/rules/PossibleTypeExtensionsRule.js": "9fb48ef98aa8540755ce56c8ac4f71c908c3159e40249f1ef363604f088fa3b7",
    "https://esm.sh/v124/graphql@16.6.0/deno/validation/rules/ProvidedRequiredArgumentsRule.js": "2e3aa85bdd673a0e6f0e9476d10e6d999d8b18cc0f293507c2fe7e5f8429c6f6",
    "https://esm.sh/v124/graphql@16.6.0/deno/validation/rules/ScalarLeafsRule.js": "e887185fb2a6e35ee43f668555872ec7f9690d31e7bbfcdcb4958f508d1b652a",
    "https://esm.sh/v124/graphql@16.6.0/deno/validation/rules/SingleFieldSubscriptionsRule.js": "c04694a59afe2a4be0c33f885cf92dc5ca788698183daee0e2ad85856e4afdd1",
    "https://esm.sh/v124/graphql@16.6.0/deno/validation/rules/UniqueArgumentDefinitionNamesRule.js": "1685af2e4a05fe2245e965c1d43560647ad2d2c0054f5ec31939517cd8198379",
    "https://esm.sh/v124/graphql@16.6.0/deno/validation/rules/UniqueArgumentNamesRule.js": "10459f2b717f964297120d7bd41aae0b0d306598694d73ee3e32ac36ff321405",
    "https://esm.sh/v124/graphql@16.6.0/deno/validation/rules/UniqueDirectiveNamesRule.js": "c9ec6379a817c0e7d7f026384db96690a8f8f7d2c2480ae98cf51e6672458b62",
    "https://esm.sh/v124/graphql@16.6.0/deno/validation/rules/UniqueDirectivesPerLocationRule.js": "401529133fc22f33c63d632f6b93f86f272d66b8c511013d555cbd46e09c4159",
    "https://esm.sh/v124/graphql@16.6.0/deno/validation/rules/UniqueEnumValueNamesRule.js": "d97478b3db48a1b494fb8a432a3f9d4a689578ff1a37f5fb8e22d7d541376309",
    "https://esm.sh/v124/graphql@16.6.0/deno/validation/rules/UniqueFieldDefinitionNamesRule.js": "eef96b641e52da5c9ccb5b09c507f88a99f6cb9bd6bd47cda0f718a8c20bae27",
    "https://esm.sh/v124/graphql@16.6.0/deno/validation/rules/UniqueFragmentNamesRule.js": "f0ab59a4bfd882d267201c985b7267c0f87ebf37c22c101ca5921f0398742b38",
    "https://esm.sh/v124/graphql@16.6.0/deno/validation/rules/UniqueInputFieldNamesRule.js": "f1266711ae4bc3c31faf9e7376589f32b40e28549d9101e10b5445f9873bfed6",
    "https://esm.sh/v124/graphql@16.6.0/deno/validation/rules/UniqueOperationNamesRule.js": "843849ea8e75241ba8407424ea25ac952a3ad23af2e7688ca2773fca2a13818a",
    "https://esm.sh/v124/graphql@16.6.0/deno/validation/rules/UniqueOperationTypesRule.js": "979a1c89042bef109a970d63b7f949406fa76e6d1d37bfc240e55632d619a379",
    "https://esm.sh/v124/graphql@16.6.0/deno/validation/rules/UniqueTypeNamesRule.js": "b65c212cc69edde95dc32fdfc77f031d806fdb8c342a493c3020f0a883449b64",
    "https://esm.sh/v124/graphql@16.6.0/deno/validation/rules/UniqueVariableNamesRule.js": "0a987102f83a53d5bb538269d281ade019e605fd0e5028ffec178ba80fd414d6",
    "https://esm.sh/v124/graphql@16.6.0/deno/validation/rules/ValuesOfCorrectTypeRule.js": "795d0860bcdecc1c6f5d7901ff5a3cc4c7ba5fd61f38b304f70e5f08ae3ce4ac",
    "https://esm.sh/v124/graphql@16.6.0/deno/validation/rules/VariablesAreInputTypesRule.js": "c2df716ed5942c9fcedc19fe08d8ff32d34b723fe1281f9aaf1c0a377c70dd57",
    "https://esm.sh/v124/graphql@16.6.0/deno/validation/rules/VariablesInAllowedPositionRule.js": "cb9781b2afd1f2953b547f2b7a69dba2e543f2b2f46ef2d04702bacc44d1d5d3",
    "https://esm.sh/v124/graphql@16.6.0/deno/validation/specifiedRules.js": "87c7f32f164fe012a1248ed2772611485070091183942443a69427dab9792c08",
    "https://esm.sh/v124/graphql@16.6.0/deno/validation/validate.js": "1bceeed375b8a6d90313de160baebee90fcb1b8b5fcd9cea6c9e5f10c2c50ba3",
    "https://esm.sh/v124/graphql@16.6.0/error/GraphQLError.d.ts": "e159a655d3f485425c0b36d3708b53fb7b8455d56d17f634f5ac0c5a5b815ecf",
    "https://esm.sh/v124/graphql@16.6.0/execution/execute.d.ts": "1c92b5c17a4e4649251e30adf66aa197338001f3536114454cdd69d5eacab312",
    "https://esm.sh/v124/graphql@16.6.0/graphql.d.ts": "ff31dcf3082db50c7f17ff648a9d643ef51e11ee2f39ae42197e9a394f86397b",
    "https://esm.sh/v124/graphql@16.6.0/jsutils/Maybe.d.ts": "0804044cd0488cb7212ddbc1d0f8e1a5bd32970335dbfc613052304a1b0318f9",
    "https://esm.sh/v124/graphql@16.6.0/jsutils/ObjMap.d.ts": "85084ae98c1d319e38ef99b1216d3372a9afd7a368022c01c3351b339d52cb58",
    "https://esm.sh/v124/graphql@16.6.0/jsutils/Path.d.ts": "04825c22d0c91a56dc4311b003d822d12e5b79738309812dc3e27a1e637a8deb",
    "https://esm.sh/v124/graphql@16.6.0/jsutils/PromiseOrValue.d.ts": "692345a43bac37c507fa7065c554258435ab821bbe4fb44b513a70063e932b45",
    "https://esm.sh/v124/graphql@16.6.0/language/ast.d.ts": "c0de0da50d66fc80f5547b0216b21fb14fa3a0268ee9f23c41e1e3b8e793ab5e",
    "https://esm.sh/v124/graphql@16.6.0/language/directiveLocation.d.ts": "de21641eb8edcbc08dd0db4ee70eea907cd07fe72267340b5571c92647f10a77",
    "https://esm.sh/v124/graphql@16.6.0/language/kinds.d.ts": "cddd50d7bd9d7fddda91a576db9f61655d1a55e2d870f154485812f6e39d4c15",
    "https://esm.sh/v124/graphql@16.6.0/language/lexer.d.ts": "8d327131db69a9cc4d01e3473d842b6a81e4dc4715a279a859653811294932aa",
    "https://esm.sh/v124/graphql@16.6.0/language/location.d.ts": "ffbafb3cf8c8e4b3c1b4641cfa1baae87c5b4dc31b3fed0a7a0d05dbc57e76cc",
    "https://esm.sh/v124/graphql@16.6.0/language/parser.d.ts": "4169aa26c69995385813dd3ee5c6c736d9fb690dc58c5b88dcef398dd11d38ac",
    "https://esm.sh/v124/graphql@16.6.0/language/source.d.ts": "b725acb041d2a18fde8f46c48a1408418489c4aa222f559b1ef47bf267cb4be0",
    "https://esm.sh/v124/graphql@16.6.0/language/tokenKind.d.ts": "0539583b089247b73a21eb4a5f7e43208a129df6300d6b829dc1039b79b6c8c4",
    "https://esm.sh/v124/graphql@16.6.0/type/definition.d.ts": "fa119fee8bb68f72f594d140d7ac6197f01876dc97cbffa997b8d7c8130ca2af",
    "https://esm.sh/v124/graphql@16.6.0/type/directives.d.ts": "23c2cd1bfcf77e553473abcfb680f4bd07d13724fdac32fffd8456b5e91ffc92",
    "https://esm.sh/v124/graphql@16.6.0/type/schema.d.ts": "e20e9dc6352b6f3a2c9a8ed9c32e64c4c21169304f143a1d45d03cdcec63a9d3",
    "https://esm.sh/v124/xss@1.0.14/deno/xss.mjs": "c580a85ebb41c8b1c2b7cbce6d9461c13ca3ed34be7d2f5913ed41c4edac0229",
    "https://esm.sh/xss@1.0.14?no-check": "ecdc0b2b22cbbde7a7ee27868f42635e347dcc5c95f588320ad5ad18d22c19e1"
  }
}
